
Microsoft Visual Studio Solution File, Format Version 12.00
# Visual Studio 15
VisualStudioVersion = 15.0.27130.2036
MinimumVisualStudioVersion = 10.0.40219.1
Project("{FAE04EC0-301F-11D3-BF4B-00C04F79EFBC}") = "Observer.Impl", "Observer.Impl\Observer.Impl.csproj", "{20CC3DED-F242-48CE-8A2D-3D618F7A26EB}"
EndProject
Global
	GlobalSection(SolutionConfigurationPlatforms) = preSolution
		Debug|Any CPU = Debug|Any CPU
		Release|Any CPU = Release|Any CPU
	EndGlobalSection
	GlobalSection(ProjectConfigurationPlatforms) = postSolution
		{20CC3DED-F242-48CE-8A2D-3D618F7A26EB}.Debug|Any CPU.ActiveCfg = Debug|Any CPU
		{20CC3DED-F242-48CE-8A2D-3D618F7A26EB}.Debug|Any CPU.Build.0 = Debug|Any CPU
		{20CC3DED-F242-48CE-8A2D-3D618F7A26EB}.Release|Any CPU.ActiveCfg = Release|Any CPU
		{20CC3DED-F242-48CE-8A2D-3D618F7A26EB}.Release|Any CPU.Build.0 = Release|Any CPU
	EndGlobalSection
	GlobalSection(SolutionProperties) = preSolution
		HideSolutionNode = FALSE
	EndGlobalSection
	GlobalSection(ExtensibilityGlobals) = postSolution
		SolutionGuid = {444E097D-8768-424D-90DD-44E9435D582F}
	EndGlobalSection
EndGlobal
